<?xml version="1.0" encoding="utf-8"?>
<Project ToolsVersion="4.0" xmlns="http://schemas.microsoft.com/developer/msbuild/2003">
  <ItemGroup>
    <Filter Include="Source Files">
      <UniqueIdentifier>{4FC737F1-C7A5-4376-A066-2A32D752A2FF}</UniqueIdentifier>
      <Extensions>cpp;c;cc;cxx;def;odl;idl;hpj;bat;asm;asmx</Extensions>
    </Filter>
    <Filter Include="Header Files">
      <UniqueIdentifier>{93995380-89BD-4b04-88EB-625FBE52EBFB}</UniqueIdentifier>
      <Extensions>h;hh;hpp;hxx;hm;inl;inc;ipp;xsd</Extensions>
    </Filter>
    <Filter Include="Resource Files">
      <UniqueIdentifier>{67DA6AB6-F800-4c08-8B7A-83BB121AAD01}</UniqueIdentifier>
      <Extensions>rc;ico;cur;bmp;dlg;rc2;rct;bin;rgs;gif;jpg;jpeg;jpe;resx;tiff;tif;png;wav;mfcribbon-ms</Extensions>
    </Filter>
    <Filter Include="Header Files\Singleton">
      <UniqueIdentifier>{7231d9d2-65a4-4351-b349-715ba1424f07}</UniqueIdentifier>
    </Filter>
    <Filter Include="Header Files\State">
      <UniqueIdentifier>{3cd228a2-5fbd-4ac9-ac92-27a778c441d1}</UniqueIdentifier>
    </Filter>
    <Filter Include="Source Files\State">
      <UniqueIdentifier>{fa65c3b9-f692-4240-899a-ec681c78a810}</UniqueIdentifier>
    </Filter>
    <Filter Include="Header Files\DataTypes">
      <UniqueIdentifier>{40baf000-25cb-4192-8ae2-c9df13f3ebd4}</UniqueIdentifier>
    </Filter>
    <Filter Include="Header Files\SDL">
      <UniqueIdentifier>{af4ea6c5-b137-4b52-8cf0-92439e1b34c0}</UniqueIdentifier>
    </Filter>
    <Filter Include="Source Files\SDL">
      <UniqueIdentifier>{c66ca8fc-2334-4fdb-8ca0-49b93da8f467}</UniqueIdentifier>
    </Filter>
    <Filter Include="Header Files\Input">
      <UniqueIdentifier>{0006bbcd-a2f6-4629-b142-e242b0f6e2a2}</UniqueIdentifier>
    </Filter>
    <Filter Include="Header Files\Input\Keyboard">
      <UniqueIdentifier>{16640978-c7a6-4dfe-88d1-1edc158a9140}</UniqueIdentifier>
    </Filter>
    <Filter Include="Header Files\Input\Mouse">
      <UniqueIdentifier>{1c3ee9f0-92ee-48e3-9dcc-4f0d47b0b50f}</UniqueIdentifier>
    </Filter>
    <Filter Include="Source Files\Input">
      <UniqueIdentifier>{80889596-67a9-420b-ae08-1f03defbe54c}</UniqueIdentifier>
    </Filter>
    <Filter Include="Source Files\Input\Keyboard">
      <UniqueIdentifier>{d337ad23-2e9e-4e3e-b601-965921074964}</UniqueIdentifier>
    </Filter>
    <Filter Include="Source Files\Input\Mouse">
      <UniqueIdentifier>{1e232b8f-9d26-4957-8390-13d2510d1a29}</UniqueIdentifier>
    </Filter>
    <Filter Include="Header Files\IO">
      <UniqueIdentifier>{854c97a2-3dca-4cf5-bffe-93bec93339c0}</UniqueIdentifier>
    </Filter>
    <Filter Include="Header Files\IO\XML">
      <UniqueIdentifier>{cbe597f1-e195-4e5b-b6ae-79867ebfd1c6}</UniqueIdentifier>
    </Filter>
    <Filter Include="Source Files\IO">
      <UniqueIdentifier>{e63e35e0-0856-4333-89f0-7e53654360ad}</UniqueIdentifier>
    </Filter>
    <Filter Include="Source Files\IO\XML">
      <UniqueIdentifier>{352607c0-55d1-49f9-9fb5-1e9be4fc06a1}</UniqueIdentifier>
    </Filter>
    <Filter Include="Header Files\Asset">
      <UniqueIdentifier>{08befc03-0696-4c23-8e8c-09e03407e8d3}</UniqueIdentifier>
    </Filter>
  </ItemGroup>
  <ItemGroup>
    <ClInclude Include="Singleton.h">
      <Filter>Header Files\Singleton</Filter>
    </ClInclude>
    <ClInclude Include="UnCopyable.h">
      <Filter>Header Files\Singleton</Filter>
    </ClInclude>
    <ClInclude Include="IGameState.h">
      <Filter>Header Files\State</Filter>
    </ClInclude>
    <ClInclude Include="IGameStateManager.h">
      <Filter>Header Files\State</Filter>
    </ClInclude>
    <ClInclude Include="GameStateManager.h">
      <Filter>Header Files\State</Filter>
    </ClInclude>
    <ClInclude Include="Rectangle2D.h">
      <Filter>Header Files\DataTypes</Filter>
    </ClInclude>
    <ClInclude Include="Size.h">
      <Filter>Header Files\DataTypes</Filter>
    </ClInclude>
    <ClInclude Include="Vector2.h">
      <Filter>Header Files\DataTypes</Filter>
    </ClInclude>
    <ClInclude Include="SDL_ScreenHandeler.h">
      <Filter>Header Files\SDL</Filter>
    </ClInclude>
    <ClInclude Include="SDL_GameStateManager.h">
      <Filter>Header Files\SDL</Filter>
    </ClInclude>
    <ClInclude Include="SDL_EventHandeler.h">
      <Filter>Header Files\SDL</Filter>
    </ClInclude>
    <ClInclude Include="SDL_Timer.h">
      <Filter>Header Files\SDL</Filter>
    </ClInclude>
    <ClInclude Include="KeyboardState.h">
      <Filter>Header Files\Input\Keyboard</Filter>
    </ClInclude>
    <ClInclude Include="Keyboard.h">
      <Filter>Header Files\Input\Keyboard</Filter>
    </ClInclude>
    <ClInclude Include="KeyState.h">
      <Filter>Header Files\Input</Filter>
    </ClInclude>
    <ClInclude Include="Mouse.h">
      <Filter>Header Files\Input\Mouse</Filter>
    </ClInclude>
    <ClInclude Include="MouseState.h">
      <Filter>Header Files\Input\Mouse</Filter>
    </ClInclude>
    <ClInclude Include="XML.h">
      <Filter>Header Files\IO\XML</Filter>
    </ClInclude>
    <ClInclude Include="rapidxml.hpp">
      <Filter>Header Files\IO\XML</Filter>
    </ClInclude>
    <ClInclude Include="rapidxml_iterators.hpp">
      <Filter>Header Files\IO\XML</Filter>
    </ClInclude>
    <ClInclude Include="rapidxml_print.hpp">
      <Filter>Header Files\IO\XML</Filter>
    </ClInclude>
    <ClInclude Include="rapidxml_utils.hpp">
      <Filter>Header Files\IO\XML</Filter>
    </ClInclude>
    <ClInclude Include="IFont.h">
      <Filter>Header Files\SDL</Filter>
    </ClInclude>
    <ClInclude Include="IAsset.h">
      <Filter>Header Files\Asset</Filter>
    </ClInclude>
    <ClInclude Include="AssetManager.h">
      <Filter>Header Files\Asset</Filter>
    </ClInclude>
    <ClInclude Include="TypeFactory.h">
      <Filter>Header Files\Asset</Filter>
    </ClInclude>
    <ClInclude Include="SDL_Image.h">
      <Filter>Header Files\SDL</Filter>
    </ClInclude>
    <ClInclude Include="SDL_SpriteFont.h">
      <Filter>Header Files\SDL</Filter>
    </ClInclude>
    <ClInclude Include="SDL_SpriteSheet.h">
      <Filter>Header Files\SDL</Filter>
    </ClInclude>
    <ClInclude Include="SDL_TTFFont.h">
      <Filter>Header Files\SDL</Filter>
    </ClInclude>
  </ItemGroup>
  <ItemGroup>
    <ClCompile Include="GameStateManager.cpp">
      <Filter>Source Files\State</Filter>
    </ClCompile>
    <ClCompile Include="SDL_ScreenHandeler.cpp">
      <Filter>Source Files\SDL</Filter>
    </ClCompile>
    <ClCompile Include="SDL_GameStateManager.cpp">
      <Filter>Source Files\SDL</Filter>
    </ClCompile>
    <ClCompile Include="SDL_EventHandeler.cpp">
      <Filter>Source Files\SDL</Filter>
    </ClCompile>
    <ClCompile Include="SDL_Image.cpp">
      <Filter>Source Files\SDL</Filter>
    </ClCompile>
    <ClCompile Include="SDL_SpriteSheet.cpp">
      <Filter>Source Files\SDL</Filter>
    </ClCompile>
    <ClCompile Include="SDL_Timer.cpp">
      <Filter>Source Files\SDL</Filter>
    </ClCompile>
    <ClCompile Include="KeyboardState.cpp">
      <Filter>Source Files\Input\Keyboard</Filter>
    </ClCompile>
    <ClCompile Include="Keyboard.cpp">
      <Filter>Source Files\Input\Keyboard</Filter>
    </ClCompile>
    <ClCompile Include="Mouse.cpp">
      <Filter>Source Files\Input\Mouse</Filter>
    </ClCompile>
    <ClCompile Include="XML.cpp">
      <Filter>Source Files\IO\XML</Filter>
    </ClCompile>
    <ClCompile Include="SDL_SpriteFont.cpp">
      <Filter>Source Files\SDL</Filter>
    </ClCompile>
    <ClCompile Include="SDL_TTFFont.cpp">
      <Filter>Source Files\SDL</Filter>
    </ClCompile>
  </ItemGroup>
</Project>